
Microsoft Visual Studio Solution File, Format Version 12.00
# Visual Studio Version 16
VisualStudioVersion = 16.0.31624.102
MinimumVisualStudioVersion = 10.0.40219.1
Project("{FAE04EC0-301F-11D3-BF4B-00C04F79EFBC}") = "GitDemoVS2019", "GitDemoVS2019.csproj", "{427C5283-0E10-4EEB-976D-373275D28483}"
EndProject
Global
	GlobalSection(SolutionConfigurationPlatforms) = preSolution
		Debug|Any CPU = Debug|Any CPU
		Release|Any CPU = Release|Any CPU
	EndGlobalSection
	GlobalSection(ProjectConfigurationPlatforms) = postSolution
		{427C5283-0E10-4EEB-976D-373275D28483}.Debug|Any CPU.ActiveCfg = Debug|Any CPU
		{427C5283-0E10-4EEB-976D-373275D28483}.Debug|Any CPU.Build.0 = Debug|Any CPU
		{427C5283-0E10-4EEB-976D-373275D28483}.Release|Any CPU.ActiveCfg = Release|Any CPU
		{427C5283-0E10-4EEB-976D-373275D28483}.Release|Any CPU.Build.0 = Release|Any CPU
	EndGlobalSection
	GlobalSection(SolutionProperties) = preSolution
		HideSolutionNode = FALSE
	EndGlobalSection
	GlobalSection(ExtensibilityGlobals) = postSolution
		SolutionGuid = {F7A91105-15E6-4AEA-9946-E9CC0EA9406F}
	EndGlobalSection
EndGlobal
